// !$*UTF8*$!
{
	archiveVersion = 1;
	classes = {
	};
	objectVersion = 56;
	objects = {

/* Begin PBXBuildFile section */
		035001802A817C1200E3F560 /* SwiftUISamplesApp.swift in Sources */ = {isa = PBXBuildFile; fileRef = 0350017F2A817C1200E3F560 /* SwiftUISamplesApp.swift */; };
		035001822A817C1200E3F560 /* MainScreen.swift in Sources */ = {isa = PBXBuildFile; fileRef = 035001812A817C1200E3F560 /* MainScreen.swift */; };
		035001842A817C1300E3F560 /* Assets.xcassets in Resources */ = {isa = PBXBuildFile; fileRef = 035001832A817C1300E3F560 /* Assets.xcassets */; };
		035001872A817C1300E3F560 /* Preview Assets.xcassets in Resources */ = {isa = PBXBuildFile; fileRef = 035001862A817C1300E3F560 /* Preview Assets.xcassets */; };
		0350018E2A81858100E3F560 /* ColorExtension.swift in Sources */ = {isa = PBXBuildFile; fileRef = 0350018D2A81858100E3F560 /* ColorExtension.swift */; };
		035001912A82588300E3F560 /* CustomColors.swift in Sources */ = {isa = PBXBuildFile; fileRef = 035001902A82588300E3F560 /* CustomColors.swift */; };
		035001942A82673B00E3F560 /* BlinkingTextButton.swift in Sources */ = {isa = PBXBuildFile; fileRef = 035001932A82673B00E3F560 /* BlinkingTextButton.swift */; };
		035001982A82748700E3F560 /* BirdAnimation.swift in Sources */ = {isa = PBXBuildFile; fileRef = 035001972A82748700E3F560 /* BirdAnimation.swift */; };
		0350019A2A8275AC00E3F560 /* SecondScreen.swift in Sources */ = {isa = PBXBuildFile; fileRef = 035001992A8275AC00E3F560 /* SecondScreen.swift */; };
/* End PBXBuildFile section */

/* Begin PBXFileReference section */
		0350017C2A817C1200E3F560 /* SwiftUISamples.app */ = {isa = PBXFileReference; explicitFileType = wrapper.application; includeInIndex = 0; path = SwiftUISamples.app; sourceTree = BUILT_PRODUCTS_DIR; };
		0350017F2A817C1200E3F560 /* SwiftUISamplesApp.swift */ = {isa = PBXFileReference; lastKnownFileType = sourcecode.swift; path = SwiftUISamplesApp.swift; sourceTree = "<group>"; };
		035001812A817C1200E3F560 /* MainScreen.swift */ = {isa = PBXFileReference; lastKnownFileType = sourcecode.swift; path = MainScreen.swift; sourceTree = "<group>"; };
		035001832A817C1300E3F560 /* Assets.xcassets */ = {isa = PBXFileReference; lastKnownFileType = folder.assetcatalog; path = Assets.xcassets; sourceTree = "<group>"; };
		035001862A817C1300E3F560 /* Preview Assets.xcassets */ = {isa = PBXFileReference; lastKnownFileType = folder.assetcatalog; path = "Preview Assets.xcassets"; sourceTree = "<group>"; };
		0350018D2A81858100E3F560 /* ColorExtension.swift */ = {isa = PBXFileReference; lastKnownFileType = sourcecode.swift; path = ColorExtension.swift; sourceTree = "<group>"; };
		035001902A82588300E3F560 /* CustomColors.swift */ = {isa = PBXFileReference; lastKnownFileType = sourcecode.swift; path = CustomColors.swift; sourceTree = "<group>"; };
		035001932A82673B00E3F560 /* BlinkingTextButton.swift */ = {isa = PBXFileReference; lastKnownFileType = sourcecode.swift; path = BlinkingTextButton.swift; sourceTree = "<group>"; };
		035001972A82748700E3F560 /* BirdAnimation.swift */ = {isa = PBXFileReference; lastKnownFileType = sourcecode.swift; path = BirdAnimation.swift; sourceTree = "<group>"; };
		035001992A8275AC00E3F560 /* SecondScreen.swift */ = {isa = PBXFileReference; lastKnownFileType = sourcecode.swift; path = SecondScreen.swift; sourceTree = "<group>"; };
/* End PBXFileReference section */

/* Begin PBXFrameworksBuildPhase section */
		035001792A817C1200E3F560 /* Frameworks */ = {
			isa = PBXFrameworksBuildPhase;
			buildActionMask = 2147483647;
			files = (
			);
			runOnlyForDeploymentPostprocessing = 0;
		};
/* End PBXFrameworksBuildPhase section */

/* Begin PBXGroup section */
		035001732A817C1200E3F560 = {
			isa = PBXGroup;
			children = (
				0350017E2A817C1200E3F560 /* SwiftUISamples */,
				0350017D2A817C1200E3F560 /* Products */,
			);
			sourceTree = "<group>";
		};
		0350017D2A817C1200E3F560 /* Products */ = {
			isa = PBXGroup;
			children = (
				0350017C2A817C1200E3F560 /* SwiftUISamples.app */,
			);
			name = Products;
			sourceTree = "<group>";
		};
		0350017E2A817C1200E3F560 /* SwiftUISamples */ = {
			isa = PBXGroup;
			children = (
				0350017F2A817C1200E3F560 /* SwiftUISamplesApp.swift */,
				035001812A817C1200E3F560 /* MainScreen.swift */,
				035001992A8275AC00E3F560 /* SecondScreen.swift */,
				035001922A82672900E3F560 /* Animation */,
				0350018F2A82587500E3F560 /* Colors */,
				035001832A817C1300E3F560 /* Assets.xcassets */,
				035001852A817C1300E3F560 /* Preview Content */,
			);
			path = SwiftUISamples;
			sourceTree = "<group>";
		};
		035001852A817C1300E3F560 /* Preview Content */ = {
			isa = PBXGroup;
			children = (
				035001862A817C1300E3F560 /* Preview Assets.xcassets */,
			);
			path = "Preview Content";
			sourceTree = "<group>";
		};
		0350018F2A82587500E3F560 /* Colors */ = {
			isa = PBXGroup;
			children = (
				0350018D2A81858100E3F560 /* ColorExtension.swift */,
				035001902A82588300E3F560 /* CustomColors.swift */,
			);
			path = Colors;
			sourceTree = "<group>";
		};
		035001922A82672900E3F560 /* Animation */ = {
			isa = PBXGroup;
			children = (
				035001932A82673B00E3F560 /* BlinkingTextButton.swift */,
				035001972A82748700E3F560 /* BirdAnimation.swift */,
			);
			path = Animation;
			sourceTree = "<group>";
		};
/* End PBXGroup section */

/* Begin PBXNativeTarget section */
		0350017B2A817C1200E3F560 /* SwiftUISamples */ = {
			isa = PBXNativeTarget;
			buildConfigurationList = 0350018A2A817C1300E3F560 /* Build configuration list for PBXNativeTarget "SwiftUISamples" */;
			buildPhases = (
				035001782A817C1200E3F560 /* Sources */,
				035001792A817C1200E3F560 /* Frameworks */,
				0350017A2A817C1200E3F560 /* Resources */,
			);
			buildRules = (
			);
			dependencies = (
			);
			name = SwiftUISamples;
			productName = SwiftUISamples;
			productReference = 0350017C2A817C1200E3F560 /* SwiftUISamples.app */;
			productType = "com.apple.product-type.application";
		};
/* End PBXNativeTarget section */

/* Begin PBXProject section */
		035001742A817C1200E3F560 /* Project object */ = {
			isa = PBXProject;
			attributes = {
				BuildIndependentTargetsInParallel = 1;
				LastSwiftUpdateCheck = 1430;
				LastUpgradeCheck = 1430;
				TargetAttributes = {
					0350017B2A817C1200E3F560 = {
						CreatedOnToolsVersion = 14.3.1;
					};
				};
			};
			buildConfigurationList = 035001772A817C1200E3F560 /* Build configuration list for PBXProject "SwiftUISamples" */;
			compatibilityVersion = "Xcode 14.0";
			developmentRegion = en;
			hasScannedForEncodings = 0;
			knownRegions = (
				en,
				Base,
			);
			mainGroup = 035001732A817C1200E3F560;
			productRefGroup = 0350017D2A817C1200E3F560 /* Products */;
			projectDirPath = "";
			projectRoot = "";
			targets = (
				0350017B2A817C1200E3F560 /* SwiftUISamples */,
			);
		};
/* End PBXProject section */

/* Begin PBXResourcesBuildPhase section */
		0350017A2A817C1200E3F560 /* Resources */ = {
			isa = PBXResourcesBuildPhase;
			buildActionMask = 2147483647;
			files = (
				035001872A817C1300E3F560 /* Preview Assets.xcassets in Resources */,
				035001842A817C1300E3F560 /* Assets.xcassets in Resources */,
			);
			runOnlyForDeploymentPostprocessing = 0;
		};
/* End PBXResourcesBuildPhase section */

/* Begin PBXSourcesBuildPhase section */
		035001782A817C1200E3F560 /* Sources */ = {
			isa = PBXSourcesBuildPhase;
			buildActionMask = 2147483647;
			files = (
				0350018E2A81858100E3F560 /* ColorExtension.swift in Sources */,
				035001912A82588300E3F560 /* CustomColors.swift in Sources */,
				0350019A2A8275AC00E3F560 /* SecondScreen.swift in Sources */,
				035001822A817C1200E3F560 /* MainScreen.swift in Sources */,
				035001982A82748700E3F560 /* BirdAnimation.swift in Sources */,
				035001942A82673B00E3F560 /* BlinkingTextButton.swift in Sources */,
				035001802A817C1200E3F560 /* SwiftUISamplesApp.swift in Sources */,
			);
			runOnlyForDeploymentPostprocessing = 0;
		};
/* End PBXSourcesBuildPhase section */

/* Begin XCBuildConfiguration section */
		035001882A817C1300E3F560 /* Debug */ = {
			isa = XCBuildConfiguration;
			buildSettings = {
				ALWAYS_SEARCH_USER_PATHS = NO;
				CLANG_ANALYZER_NONNULL = YES;
				CLANG_ANALYZER_NUMBER_OBJECT_CONVERSION = YES_AGGRESSIVE;
				CLANG_CXX_LANGUAGE_STANDARD = "gnu++20";
				CLANG_ENABLE_MODULES = YES;
				CLANG_ENABLE_OBJC_ARC = YES;
				CLANG_ENABLE_OBJC_WEAK = YES;
				CLANG_WARN_BLOCK_CAPTURE_AUTORELEASING = YES;
				CLANG_WARN_BOOL_CONVERSION = YES;
				CLANG_WARN_COMMA = YES;
				CLANG_WARN_CONSTANT_CONVERSION = YES;
				CLANG_WARN_DEPRECATED_OBJC_IMPLEMENTATIONS = YES;
				CLANG_WARN_DIRECT_OBJC_ISA_USAGE = YES_ERROR;
				CLANG_WARN_DOCUMENTATION_COMMENTS = YES;
				CLANG_WARN_EMPTY_BODY = YES;
				CLANG_WARN_ENUM_CONVERSION = YES;
				CLANG_WARN_INFINITE_RECURSION = YES;
				CLANG_WARN_INT_CONVERSION = YES;
				CLANG_WARN_NON_LITERAL_NULL_CONVERSION = YES;
				CLANG_WARN_OBJC_IMPLICIT_RETAIN_SELF = YES;
				CLANG_WARN_OBJC_LITERAL_CONVERSION = YES;
				CLANG_WARN_OBJC_ROOT_CLASS = YES_ERROR;
				CLANG_WARN_QUOTED_INCLUDE_IN_FRAMEWORK_HEADER = YES;
				CLANG_WARN_RANGE_LOOP_ANALYSIS = YES;
				CLANG_WARN_STRICT_PROTOTYPES = YES;
				CLANG_WARN_SUSPICIOUS_MOVE = YES;
				CLANG_WARN_UNGUARDED_AVAILABILITY = YES_AGGRESSIVE;
				CLANG_WARN_UNREACHABLE_CODE = YES;
				CLANG_WARN__DUPLICATE_METHOD_MATCH = YES;
				COPY_PHASE_STRIP = NO;
				DEBUG_INFORMATION_FORMAT = dwarf;
				ENABLE_STRICT_OBJC_MSGSEND = YES;
				ENABLE_TESTABILITY = YES;
				GCC_C_LANGUAGE_STANDARD = gnu11;
				GCC_DYNAMIC_NO_PIC = NO;
				GCC_NO_COMMON_BLOCKS = YES;
				GCC_OPTIMIZATION_LEVEL = 0;
				GCC_PREPROCESSOR_DEFINITIONS = (
					"DEBUG=1",
					"$(inherited)",
				);
				GCC_WARN_64_TO_32_BIT_CONVERSION = YES;
				GCC_WARN_ABOUT_RETURN_TYPE = YES_ERROR;
				GCC_WARN_UNDECLARED_SELECTOR = YES;
				GCC_WARN_UNINITIALIZED_AUTOS = YES_AGGRESSIVE;
				GCC_WARN_UNUSED_FUNCTION = YES;
				GCC_WARN_UNUSED_VARIABLE = YES;
				IPHONEOS_DEPLOYMENT_TARGET = 16.4;
				MTL_ENABLE_DEBUG_INFO = INCLUDE_SOURCE;
				MTL_FAST_MATH = YES;
				ONLY_ACTIVE_ARCH = YES;
				SDKROOT = iphoneos;
				SWIFT_ACTIVE_COMPILATION_CONDITIONS = DEBUG;
				SWIFT_OPTIMIZATION_LEVEL = "-Onone";
			};
			name = Debug;
		};
		035001892A817C1300E3F560 /* Release */ = {
			isa = XCBuildConfiguration;
			buildSettings = {
				ALWAYS_SEARCH_USER_PATHS = NO;
				CLANG_ANALYZER_NONNULL = YES;
				CLANG_ANALYZER_NUMBER_OBJECT_CONVERSION = YES_AGGRESSIVE;
				CLANG_CXX_LANGUAGE_STANDARD = "gnu++20";
				CLANG_ENABLE_MODULES = YES;
				CLANG_ENABLE_OBJC_ARC = YES;
				CLANG_ENABLE_OBJC_WEAK = YES;
				CLANG_WARN_BLOCK_CAPTURE_AUTORELEASING = YES;
				CLANG_WARN_BOOL_CONVERSION = YES;
				CLANG_WARN_COMMA = YES;
				CLANG_WARN_CONSTANT_CONVERSION = YES;
				CLANG_WARN_DEPRECATED_OBJC_IMPLEMENTATIONS = YES;
				CLANG_WARN_DIRECT_OBJC_ISA_USAGE = YES_ERROR;
				CLANG_WARN_DOCUMENTATION_COMMENTS = YES;
				CLANG_WARN_EMPTY_BODY = YES;
				CLANG_WARN_ENUM_CONVERSION = YES;
				CLANG_WARN_INFINITE_RECURSION = YES;
				CLANG_WARN_INT_CONVERSION = YES;
				CLANG_WARN_NON_LITERAL_NULL_CONVERSION = YES;
				CLANG_WARN_OBJC_IMPLICIT_RETAIN_SELF = YES;
				CLANG_WARN_OBJC_LITERAL_CONVERSION = YES;
				CLANG_WARN_OBJC_ROOT_CLASS = YES_ERROR;
				CLANG_WARN_QUOTED_INCLUDE_IN_FRAMEWORK_HEADER = YES;
				CLANG_WARN_RANGE_LOOP_ANALYSIS = YES;
				CLANG_WARN_STRICT_PROTOTYPES = YES;
				CLANG_WARN_SUSPICIOUS_MOVE = YES;
				CLANG_WARN_UNGUARDED_AVAILABILITY = YES_AGGRESSIVE;
				CLANG_WARN_UNREACHABLE_CODE = YES;
				CLANG_WARN__DUPLICATE_METHOD_MATCH = YES;
				COPY_PHASE_STRIP = NO;
				DEBUG_INFORMATION_FORMAT = "dwarf-with-dsym";
				ENABLE_NS_ASSERTIONS = NO;
				ENABLE_STRICT_OBJC_MSGSEND = YES;
				GCC_C_LANGUAGE_STANDARD = gnu11;
				GCC_NO_COMMON_BLOCKS = YES;
				GCC_WARN_64_TO_32_BIT_CONVERSION = YES;
				GCC_WARN_ABOUT_RETURN_TYPE = YES_ERROR;
				GCC_WARN_UNDECLARED_SELECTOR = YES;
				GCC_WARN_UNINITIALIZED_AUTOS = YES_AGGRESSIVE;
				GCC_WARN_UNUSED_FUNCTION = YES;
				GCC_WARN_UNUSED_VARIABLE = YES;
				IPHONEOS_DEPLOYMENT_TARGET = 16.4;
				MTL_ENABLE_DEBUG_INFO = NO;
				MTL_FAST_MATH = YES;
				SDKROOT = iphoneos;
				SWIFT_COMPILATION_MODE = wholemodule;
				SWIFT_OPTIMIZATION_LEVEL = "-O";
				VALIDATE_PRODUCT = YES;
			};
			name = Release;
		};
		0350018B2A817C1300E3F560 /* Debug */ = {
			isa = XCBuildConfiguration;
			buildSettings = {
				ASSETCATALOG_COMPILER_APPICON_NAME = AppIcon;
				ASSETCATALOG_COMPILER_GLOBAL_ACCENT_COLOR_NAME = AccentColor;
				CODE_SIGN_STYLE = Automatic;
				CURRENT_PROJECT_VERSION = 1;
				DEVELOPMENT_ASSET_PATHS = "\"SwiftUISamples/Preview Content\"";
				DEVELOPMENT_TEAM = 5G3L9PJKC3;
				ENABLE_PREVIEWS = YES;
				GENERATE_INFOPLIST_FILE = YES;
				INFOPLIST_KEY_UIApplicationSceneManifest_Generation = YES;
				INFOPLIST_KEY_UIApplicationSupportsIndirectInputEvents = YES;
				INFOPLIST_KEY_UILaunchScreen_Generation = YES;
				INFOPLIST_KEY_UISupportedInterfaceOrientations_iPad = "UIInterfaceOrientationPortrait UIInterfaceOrientationPortraitUpsideDown UIInterfaceOrientationLandscapeLeft UIInterfaceOrientationLandscapeRight";
				INFOPLIST_KEY_UISupportedInterfaceOrientations_iPhone = "UIInterfaceOrientationPortrait UIInterfaceOrientationLandscapeLeft UIInterfaceOrientationLandscapeRight";
				LD_RUNPATH_SEARCH_PATHS = (
					"$(inherited)",
					"@executable_path/Frameworks",
				);
				MARKETING_VERSION = 1.0;
				PRODUCT_BUNDLE_IDENTIFIER = sashabravos.SwiftUISamples;
				PRODUCT_NAME = "$(TARGET_NAME)";
				SWIFT_EMIT_LOC_STRINGS = YES;
				SWIFT_VERSION = 5.0;
				TARGETED_DEVICE_FAMILY = "1,2";
			};
			name = Debug;
		};
		0350018C2A817C1300E3F560 /* Release */ = {
			isa = XCBuildConfiguration;
			buildSettings = {
				ASSETCATALOG_COMPILER_APPICON_NAME = AppIcon;
				ASSETCATALOG_COMPILER_GLOBAL_ACCENT_COLOR_NAME = AccentColor;
				CODE_SIGN_STYLE = Automatic;
				CURRENT_PROJECT_VERSION = 1;
				DEVELOPMENT_ASSET_PATHS = "\"SwiftUISamples/Preview Content\"";
				DEVELOPMENT_TEAM = 5G3L9PJKC3;
				ENABLE_PREVIEWS = YES;
				GENERATE_INFOPLIST_FILE = YES;
				INFOPLIST_KEY_UIApplicationSceneManifest_Generation = YES;
				INFOPLIST_KEY_UIApplicationSupportsIndirectInputEvents = YES;
				INFOPLIST_KEY_UILaunchScreen_Generation = YES;
				INFOPLIST_KEY_UISupportedInterfaceOrientations_iPad = "UIInterfaceOrientationPortrait UIInterfaceOrientationPortraitUpsideDown UIInterfaceOrientationLandscapeLeft UIInterfaceOrientationLandscapeRight";
				INFOPLIST_KEY_UISupportedInterfaceOrientations_iPhone = "UIInterfaceOrientationPortrait UIInterfaceOrientationLandscapeLeft UIInterfaceOrientationLandscapeRight";
				LD_RUNPATH_SEARCH_PATHS = (
					"$(inherited)",
					"@executable_path/Frameworks",
				);
				MARKETING_VERSION = 1.0;
				PRODUCT_BUNDLE_IDENTIFIER = sashabravos.SwiftUISamples;
				PRODUCT_NAME = "$(TARGET_NAME)";
				SWIFT_EMIT_LOC_STRINGS = YES;
				SWIFT_VERSION = 5.0;
				TARGETED_DEVICE_FAMILY = "1,2";
			};
			name = Release;
		};
/* End XCBuildConfiguration section */

/* Begin XCConfigurationList section */
		035001772A817C1200E3F560 /* Build configuration list for PBXProject "SwiftUISamples" */ = {
			isa = XCConfigurationList;
			buildConfigurations = (
				035001882A817C1300E3F560 /* Debug */,
				035001892A817C1300E3F560 /* Release */,
			);
			defaultConfigurationIsVisible = 0;
			defaultConfigurationName = Release;
		};
		0350018A2A817C1300E3F560 /* Build configuration list for PBXNativeTarget "SwiftUISamples" */ = {
			isa = XCConfigurationList;
			buildConfigurations = (
				0350018B2A817C1300E3F560 /* Debug */,
				0350018C2A817C1300E3F560 /* Release */,
			);
			defaultConfigurationIsVisible = 0;
			defaultConfigurationName = Release;
		};
/* End XCConfigurationList section */
	};
	rootObject = 035001742A817C1200E3F560 /* Project object */;
}
